
Microsoft Visual Studio Solution File, Format Version 12.00
# Visual Studio Version 16
VisualStudioVersion = 16.0.29911.84
MinimumVisualStudioVersion = 10.0.40219.1
Project("{FAE04EC0-301F-11D3-BF4B-00C04F79EFBC}") = "fatorial", "fatorial\fatorial.csproj", "{E4611060-31CF-4866-8AE6-F03C620BAC7D}"
EndProject
Project("{FAE04EC0-301F-11D3-BF4B-00C04F79EFBC}") = "Inversao", "Inversao\Inversao.csproj", "{CEB15DB0-E021-4F0D-B0B5-487E02477F86}"
EndProject
Project("{FAE04EC0-301F-11D3-BF4B-00C04F79EFBC}") = "Replace", "Replace\Replace.csproj", "{E3596096-4824-45C9-90F9-DAE5DEA8F422}"
EndProject
Project("{FAE04EC0-301F-11D3-BF4B-00C04F79EFBC}") = "ParImpar", "ParImpar\ParImpar.csproj", "{6A9735F6-39B0-4515-86DF-BC5A32D379B4}"
EndProject
Project("{FAE04EC0-301F-11D3-BF4B-00C04F79EFBC}") = "Objetos", "Objetos\Objetos.csproj", "{06B87C4C-9237-46BD-8691-3BB0945E169E}"
EndProject
Project("{FAE04EC0-301F-11D3-BF4B-00C04F79EFBC}") = "Testes", "Testes\Testes.csproj", "{848B93DD-A320-432E-B5D3-EC1FB00E9760}"
EndProject
Project("{FAE04EC0-301F-11D3-BF4B-00C04F79EFBC}") = "Quadro", "Quadro\Quadro.csproj", "{EE3E81F5-8389-45F8-8420-CA0DEF55BE64}"
EndProject
Global
	GlobalSection(SolutionConfigurationPlatforms) = preSolution
		Debug|Any CPU = Debug|Any CPU
		Release|Any CPU = Release|Any CPU
	EndGlobalSection
	GlobalSection(ProjectConfigurationPlatforms) = postSolution
		{E4611060-31CF-4866-8AE6-F03C620BAC7D}.Debug|Any CPU.ActiveCfg = Debug|Any CPU
		{E4611060-31CF-4866-8AE6-F03C620BAC7D}.Debug|Any CPU.Build.0 = Debug|Any CPU
		{E4611060-31CF-4866-8AE6-F03C620BAC7D}.Release|Any CPU.ActiveCfg = Release|Any CPU
		{E4611060-31CF-4866-8AE6-F03C620BAC7D}.Release|Any CPU.Build.0 = Release|Any CPU
		{CEB15DB0-E021-4F0D-B0B5-487E02477F86}.Debug|Any CPU.ActiveCfg = Debug|Any CPU
		{CEB15DB0-E021-4F0D-B0B5-487E02477F86}.Debug|Any CPU.Build.0 = Debug|Any CPU
		{CEB15DB0-E021-4F0D-B0B5-487E02477F86}.Release|Any CPU.ActiveCfg = Release|Any CPU
		{CEB15DB0-E021-4F0D-B0B5-487E02477F86}.Release|Any CPU.Build.0 = Release|Any CPU
		{E3596096-4824-45C9-90F9-DAE5DEA8F422}.Debug|Any CPU.ActiveCfg = Debug|Any CPU
		{E3596096-4824-45C9-90F9-DAE5DEA8F422}.Debug|Any CPU.Build.0 = Debug|Any CPU
		{E3596096-4824-45C9-90F9-DAE5DEA8F422}.Release|Any CPU.ActiveCfg = Release|Any CPU
		{E3596096-4824-45C9-90F9-DAE5DEA8F422}.Release|Any CPU.Build.0 = Release|Any CPU
		{6A9735F6-39B0-4515-86DF-BC5A32D379B4}.Debug|Any CPU.ActiveCfg = Debug|Any CPU
		{6A9735F6-39B0-4515-86DF-BC5A32D379B4}.Debug|Any CPU.Build.0 = Debug|Any CPU
		{6A9735F6-39B0-4515-86DF-BC5A32D379B4}.Release|Any CPU.ActiveCfg = Release|Any CPU
		{6A9735F6-39B0-4515-86DF-BC5A32D379B4}.Release|Any CPU.Build.0 = Release|Any CPU
		{06B87C4C-9237-46BD-8691-3BB0945E169E}.Debug|Any CPU.ActiveCfg = Debug|Any CPU
		{06B87C4C-9237-46BD-8691-3BB0945E169E}.Debug|Any CPU.Build.0 = Debug|Any CPU
		{06B87C4C-9237-46BD-8691-3BB0945E169E}.Release|Any CPU.ActiveCfg = Release|Any CPU
		{06B87C4C-9237-46BD-8691-3BB0945E169E}.Release|Any CPU.Build.0 = Release|Any CPU
		{848B93DD-A320-432E-B5D3-EC1FB00E9760}.Debug|Any CPU.ActiveCfg = Debug|Any CPU
		{848B93DD-A320-432E-B5D3-EC1FB00E9760}.Debug|Any CPU.Build.0 = Debug|Any CPU
		{848B93DD-A320-432E-B5D3-EC1FB00E9760}.Release|Any CPU.ActiveCfg = Release|Any CPU
		{848B93DD-A320-432E-B5D3-EC1FB00E9760}.Release|Any CPU.Build.0 = Release|Any CPU
		{EE3E81F5-8389-45F8-8420-CA0DEF55BE64}.Debug|Any CPU.ActiveCfg = Debug|Any CPU
		{EE3E81F5-8389-45F8-8420-CA0DEF55BE64}.Debug|Any CPU.Build.0 = Debug|Any CPU
		{EE3E81F5-8389-45F8-8420-CA0DEF55BE64}.Release|Any CPU.ActiveCfg = Release|Any CPU
		{EE3E81F5-8389-45F8-8420-CA0DEF55BE64}.Release|Any CPU.Build.0 = Release|Any CPU
	EndGlobalSection
	GlobalSection(SolutionProperties) = preSolution
		HideSolutionNode = FALSE
	EndGlobalSection
	GlobalSection(ExtensibilityGlobals) = postSolution
		SolutionGuid = {CCA662B0-4D7D-4D54-BEBC-4DD19A36A13F}
	EndGlobalSection
EndGlobal
